
Microsoft Visual Studio Solution File, Format Version 11.00
# Visual Studio Version 18

Project("{8BC9CEB8-8B4A-11D0-8D11-00A0C91BC942}") = "01 - Standalone Plugin", "01_StandalonePlugin.vcxproj", "{636C4AC4-66B0-F146-D852-D46939FDDFC7}"
	ProjectSection(ProjectDependencies) = postProject
		{544D611C-683B-8E9C-BB31-C97B348E6D7D} = {544D611C-683B-8E9C-BB31-C97B348E6D7D}
	EndProjectSection
EndProject
Project("{8BC9CEB8-8B4A-11D0-8D11-00A0C91BC942}") = "01 - VST3", "01_VST3.vcxproj", "{78CD9891-760C-8830-26A4-0AE422976DCE}"
	ProjectSection(ProjectDependencies) = postProject
		{544D611C-683B-8E9C-BB31-C97B348E6D7D} = {544D611C-683B-8E9C-BB31-C97B348E6D7D}
		{BD23C967-7BD7-4C2B-1F2B-A1EFF00D1F6D} = {BD23C967-7BD7-4C2B-1F2B-A1EFF00D1F6D}
	EndProjectSection
EndProject
Project("{8BC9CEB8-8B4A-11D0-8D11-00A0C91BC942}") = "01 - Shared Code", "01_SharedCode.vcxproj", "{544D611C-683B-8E9C-BB31-C97B348E6D7D}"
EndProject
Project("{8BC9CEB8-8B4A-11D0-8D11-00A0C91BC942}") = "01 - VST3 Manifest Helper", "01_VST3ManifestHelper.vcxproj", "{BD23C967-7BD7-4C2B-1F2B-A1EFF00D1F6D}"
EndProject
Global
	GlobalSection(SolutionConfigurationPlatforms) = preSolution
		Debug|x64 = Debug|x64
		Release|x64 = Release|x64
	EndGlobalSection
	GlobalSection(ProjectConfigurationPlatforms) = postSolution
		{78CD9891-760C-8830-26A4-0AE422976DCE}.Debug|x64.ActiveCfg = Debug|x64
		{78CD9891-760C-8830-26A4-0AE422976DCE}.Debug|x64.Build.0 = Debug|x64
		{78CD9891-760C-8830-26A4-0AE422976DCE}.Release|x64.ActiveCfg = Release|x64
		{78CD9891-760C-8830-26A4-0AE422976DCE}.Release|x64.Build.0 = Release|x64
		{636C4AC4-66B0-F146-D852-D46939FDDFC7}.Debug|x64.ActiveCfg = Debug|x64
		{636C4AC4-66B0-F146-D852-D46939FDDFC7}.Debug|x64.Build.0 = Debug|x64
		{636C4AC4-66B0-F146-D852-D46939FDDFC7}.Release|x64.ActiveCfg = Release|x64
		{636C4AC4-66B0-F146-D852-D46939FDDFC7}.Release|x64.Build.0 = Release|x64
		{544D611C-683B-8E9C-BB31-C97B348E6D7D}.Debug|x64.ActiveCfg = Debug|x64
		{544D611C-683B-8E9C-BB31-C97B348E6D7D}.Debug|x64.Build.0 = Debug|x64
		{544D611C-683B-8E9C-BB31-C97B348E6D7D}.Release|x64.ActiveCfg = Release|x64
		{544D611C-683B-8E9C-BB31-C97B348E6D7D}.Release|x64.Build.0 = Release|x64
		{BD23C967-7BD7-4C2B-1F2B-A1EFF00D1F6D}.Debug|x64.ActiveCfg = Debug|x64
		{BD23C967-7BD7-4C2B-1F2B-A1EFF00D1F6D}.Debug|x64.Build.0 = Debug|x64
		{BD23C967-7BD7-4C2B-1F2B-A1EFF00D1F6D}.Release|x64.ActiveCfg = Release|x64
		{BD23C967-7BD7-4C2B-1F2B-A1EFF00D1F6D}.Release|x64.Build.0 = Release|x64
	EndGlobalSection
	GlobalSection(SolutionProperties) = preSolution
		HideSolutionNode = FALSE
	EndGlobalSection
EndGlobal
